
Microsoft Visual Studio Solution File, Format Version 12.00
Project("{2150E333-8FDC-42A3-9474-1A3956D46DE8}") = "src", "src", "{265B53F1-7C59-4045-ABE5-BB6DDDDB4D0B}"
EndProject
Project("{2150E333-8FDC-42A3-9474-1A3956D46DE8}") = "Gateway", "Gateway", "{1140FEE9-981C-43E3-BD05-98E32CBD52F9}"
EndProject
Project("{2150E333-8FDC-42A3-9474-1A3956D46DE8}") = "Services", "Services", "{66A1923B-E7B6-4C23-82B8-0B7E25AF3429}"
EndProject
Project("{2150E333-8FDC-42A3-9474-1A3956D46DE8}") = "Common", "Common", "{81EB8CB6-30D4-4695-803F-2AB3030ADDC6}"
EndProject
Project("{FAE04EC0-301F-11D3-BF4B-00C04F79EFBC}") = "Infrastructure", "src\Infrastructure\Infrastructure.csproj", "{CABB4A3B-34E3-4004-8FD9-0715583A32BC}"
EndProject
Project("{FAE04EC0-301F-11D3-BF4B-00C04F79EFBC}") = "APIGateway", "src\APIGateway\APIGateway.csproj", "{A7695618-32A3-44AE-A8FE-8F13612B4E24}"
EndProject
Global
	GlobalSection(SolutionConfigurationPlatforms) = preSolution
		Debug|Any CPU = Debug|Any CPU
		Release|Any CPU = Release|Any CPU
	EndGlobalSection
	GlobalSection(ProjectConfigurationPlatforms) = postSolution
		{CABB4A3B-34E3-4004-8FD9-0715583A32BC}.Debug|Any CPU.ActiveCfg = Debug|Any CPU
		{CABB4A3B-34E3-4004-8FD9-0715583A32BC}.Debug|Any CPU.Build.0 = Debug|Any CPU
		{CABB4A3B-34E3-4004-8FD9-0715583A32BC}.Release|Any CPU.ActiveCfg = Release|Any CPU
		{CABB4A3B-34E3-4004-8FD9-0715583A32BC}.Release|Any CPU.Build.0 = Release|Any CPU
		{A7695618-32A3-44AE-A8FE-8F13612B4E24}.Debug|Any CPU.ActiveCfg = Debug|Any CPU
		{A7695618-32A3-44AE-A8FE-8F13612B4E24}.Debug|Any CPU.Build.0 = Debug|Any CPU
		{A7695618-32A3-44AE-A8FE-8F13612B4E24}.Release|Any CPU.ActiveCfg = Release|Any CPU
		{A7695618-32A3-44AE-A8FE-8F13612B4E24}.Release|Any CPU.Build.0 = Release|Any CPU
	EndGlobalSection
	GlobalSection(NestedProjects) = preSolution
		{1140FEE9-981C-43E3-BD05-98E32CBD52F9} = {265B53F1-7C59-4045-ABE5-BB6DDDDB4D0B}
		{66A1923B-E7B6-4C23-82B8-0B7E25AF3429} = {265B53F1-7C59-4045-ABE5-BB6DDDDB4D0B}
		{81EB8CB6-30D4-4695-803F-2AB3030ADDC6} = {265B53F1-7C59-4045-ABE5-BB6DDDDB4D0B}
		{CABB4A3B-34E3-4004-8FD9-0715583A32BC} = {81EB8CB6-30D4-4695-803F-2AB3030ADDC6}
		{A7695618-32A3-44AE-A8FE-8F13612B4E24} = {1140FEE9-981C-43E3-BD05-98E32CBD52F9}
	EndGlobalSection
EndGlobal
